// !$*UTF8*$!
{
	archiveVersion = 1;
	classes = {
	};
	objectVersion = 55;
	objects = {

/* Begin PBXBuildFile section */
		1E20FB0B0BE2B2EC256D90DF /* Pods_CountriesTests.framework in Frameworks */ = {isa = PBXBuildFile; fileRef = 6E9749FAC7978C314F09FABC /* Pods_CountriesTests.framework */; };
		3A34C45DF00B13B001285B12 /* Pods_Countries.framework in Frameworks */ = {isa = PBXBuildFile; fileRef = 32C181A7B8AE6C9578DFDDD8 /* Pods_Countries.framework */; };
		9308CF89298480D600D467C7 /* GuessCountryViewController.swift in Sources */ = {isa = PBXBuildFile; fileRef = 9308CF88298480D600D467C7 /* GuessCountryViewController.swift */; };
		93E6D506294C1DAC00A3EAF1 /* AppDelegate.swift in Sources */ = {isa = PBXBuildFile; fileRef = 93E6D505294C1DAC00A3EAF1 /* AppDelegate.swift */; };
		93E6D508294C1DAC00A3EAF1 /* SceneDelegate.swift in Sources */ = {isa = PBXBuildFile; fileRef = 93E6D507294C1DAC00A3EAF1 /* SceneDelegate.swift */; };
		93E6D50D294C1DAC00A3EAF1 /* Main.storyboard in Resources */ = {isa = PBXBuildFile; fileRef = 93E6D50B294C1DAC00A3EAF1 /* Main.storyboard */; };
		93E6D50F294C1DAE00A3EAF1 /* Assets.xcassets in Resources */ = {isa = PBXBuildFile; fileRef = 93E6D50E294C1DAE00A3EAF1 /* Assets.xcassets */; };
		93E6D512294C1DAE00A3EAF1 /* LaunchScreen.storyboard in Resources */ = {isa = PBXBuildFile; fileRef = 93E6D510294C1DAE00A3EAF1 /* LaunchScreen.storyboard */; };
		93E6D51D294C1DAF00A3EAF1 /* CountriesTests.swift in Sources */ = {isa = PBXBuildFile; fileRef = 93E6D51C294C1DAF00A3EAF1 /* CountriesTests.swift */; };
		93E6D527294C1DAF00A3EAF1 /* CountriesUITests.swift in Sources */ = {isa = PBXBuildFile; fileRef = 93E6D526294C1DAF00A3EAF1 /* CountriesUITests.swift */; };
		93E6D529294C1DAF00A3EAF1 /* CountriesUITestsLaunchTests.swift in Sources */ = {isa = PBXBuildFile; fileRef = 93E6D528294C1DAF00A3EAF1 /* CountriesUITestsLaunchTests.swift */; };
		93E6D53C294C423800A3EAF1 /* ViewModelState.swift in Sources */ = {isa = PBXBuildFile; fileRef = 93E6D53B294C423800A3EAF1 /* ViewModelState.swift */; };
		93E6D53F294C42A200A3EAF1 /* BaseViewModel.swift in Sources */ = {isa = PBXBuildFile; fileRef = 93E6D53E294C42A200A3EAF1 /* BaseViewModel.swift */; };
		93E6D541294C486C00A3EAF1 /* BaseListViewModel.swift in Sources */ = {isa = PBXBuildFile; fileRef = 93E6D540294C486C00A3EAF1 /* BaseListViewModel.swift */; };
		93E6D543294C4AB500A3EAF1 /* CountryApi.swift in Sources */ = {isa = PBXBuildFile; fileRef = 93E6D542294C4AB500A3EAF1 /* CountryApi.swift */; };
		93E6D545294C4F0400A3EAF1 /* CountriesListViewModel.swift in Sources */ = {isa = PBXBuildFile; fileRef = 93E6D544294C4F0400A3EAF1 /* CountriesListViewModel.swift */; };
		93E6D547294C4F1800A3EAF1 /* Country.swift in Sources */ = {isa = PBXBuildFile; fileRef = 93E6D546294C4F1800A3EAF1 /* Country.swift */; };
		93E6D54A294CC59C00A3EAF1 /* CountryTableViewCell.swift in Sources */ = {isa = PBXBuildFile; fileRef = 93E6D549294CC59C00A3EAF1 /* CountryTableViewCell.swift */; };
		93E6D54C294CCB4600A3EAF1 /* CountryListTableViewController.swift in Sources */ = {isa = PBXBuildFile; fileRef = 93E6D54B294CCB4600A3EAF1 /* CountryListTableViewController.swift */; };
		BDA87F703B943E75308A61AE /* Pods_Countries_CountriesUITests.framework in Frameworks */ = {isa = PBXBuildFile; fileRef = C8FBB7AB81007721E32CA356 /* Pods_Countries_CountriesUITests.framework */; };
/* End PBXBuildFile section */

/* Begin PBXContainerItemProxy section */
		93E6D519294C1DAF00A3EAF1 /* PBXContainerItemProxy */ = {
			isa = PBXContainerItemProxy;
			containerPortal = 93E6D4FA294C1DAB00A3EAF1 /* Project object */;
			proxyType = 1;
			remoteGlobalIDString = 93E6D501294C1DAC00A3EAF1;
			remoteInfo = Countries;
		};
		93E6D523294C1DAF00A3EAF1 /* PBXContainerItemProxy */ = {
			isa = PBXContainerItemProxy;
			containerPortal = 93E6D4FA294C1DAB00A3EAF1 /* Project object */;
			proxyType = 1;
			remoteGlobalIDString = 93E6D501294C1DAC00A3EAF1;
			remoteInfo = Countries;
		};
/* End PBXContainerItemProxy section */

/* Begin PBXFileReference section */
		1A02DD2B3CE78E0E0C5661AB /* Pods-Countries.debug.xcconfig */ = {isa = PBXFileReference; includeInIndex = 1; lastKnownFileType = text.xcconfig; name = "Pods-Countries.debug.xcconfig"; path = "Target Support Files/Pods-Countries/Pods-Countries.debug.xcconfig"; sourceTree = "<group>"; };
		29C2652547981DF5AEFB5F92 /* Pods-Countries-CountriesUITests.debug.xcconfig */ = {isa = PBXFileReference; includeInIndex = 1; lastKnownFileType = text.xcconfig; name = "Pods-Countries-CountriesUITests.debug.xcconfig"; path = "Target Support Files/Pods-Countries-CountriesUITests/Pods-Countries-CountriesUITests.debug.xcconfig"; sourceTree = "<group>"; };
		2E4D368272F0C9E4D19611FE /* Pods-CountriesTests.release.xcconfig */ = {isa = PBXFileReference; includeInIndex = 1; lastKnownFileType = text.xcconfig; name = "Pods-CountriesTests.release.xcconfig"; path = "Target Support Files/Pods-CountriesTests/Pods-CountriesTests.release.xcconfig"; sourceTree = "<group>"; };
		32C181A7B8AE6C9578DFDDD8 /* Pods_Countries.framework */ = {isa = PBXFileReference; explicitFileType = wrapper.framework; includeInIndex = 0; path = Pods_Countries.framework; sourceTree = BUILT_PRODUCTS_DIR; };
		4F9C8B3F9550B1A256DB8537 /* Pods-Countries-CountriesUITests.release.xcconfig */ = {isa = PBXFileReference; includeInIndex = 1; lastKnownFileType = text.xcconfig; name = "Pods-Countries-CountriesUITests.release.xcconfig"; path = "Target Support Files/Pods-Countries-CountriesUITests/Pods-Countries-CountriesUITests.release.xcconfig"; sourceTree = "<group>"; };
		6E9749FAC7978C314F09FABC /* Pods_CountriesTests.framework */ = {isa = PBXFileReference; explicitFileType = wrapper.framework; includeInIndex = 0; path = Pods_CountriesTests.framework; sourceTree = BUILT_PRODUCTS_DIR; };
		8394C2A424F6A9DA64BC1819 /* Pods-Countries.release.xcconfig */ = {isa = PBXFileReference; includeInIndex = 1; lastKnownFileType = text.xcconfig; name = "Pods-Countries.release.xcconfig"; path = "Target Support Files/Pods-Countries/Pods-Countries.release.xcconfig"; sourceTree = "<group>"; };
		9308CF88298480D600D467C7 /* GuessCountryViewController.swift */ = {isa = PBXFileReference; lastKnownFileType = sourcecode.swift; path = GuessCountryViewController.swift; sourceTree = "<group>"; };
		93E6D502294C1DAC00A3EAF1 /* Countries.app */ = {isa = PBXFileReference; explicitFileType = wrapper.application; includeInIndex = 0; path = Countries.app; sourceTree = BUILT_PRODUCTS_DIR; };
		93E6D505294C1DAC00A3EAF1 /* AppDelegate.swift */ = {isa = PBXFileReference; lastKnownFileType = sourcecode.swift; path = AppDelegate.swift; sourceTree = "<group>"; };
		93E6D507294C1DAC00A3EAF1 /* SceneDelegate.swift */ = {isa = PBXFileReference; lastKnownFileType = sourcecode.swift; path = SceneDelegate.swift; sourceTree = "<group>"; };
		93E6D50C294C1DAC00A3EAF1 /* Base */ = {isa = PBXFileReference; lastKnownFileType = file.storyboard; name = Base; path = Base.lproj/Main.storyboard; sourceTree = "<group>"; };
		93E6D50E294C1DAE00A3EAF1 /* Assets.xcassets */ = {isa = PBXFileReference; lastKnownFileType = folder.assetcatalog; path = Assets.xcassets; sourceTree = "<group>"; };
		93E6D511294C1DAE00A3EAF1 /* Base */ = {isa = PBXFileReference; lastKnownFileType = file.storyboard; name = Base; path = Base.lproj/LaunchScreen.storyboard; sourceTree = "<group>"; };
		93E6D513294C1DAE00A3EAF1 /* Info.plist */ = {isa = PBXFileReference; lastKnownFileType = text.plist.xml; path = Info.plist; sourceTree = "<group>"; };
		93E6D518294C1DAF00A3EAF1 /* CountriesTests.xctest */ = {isa = PBXFileReference; explicitFileType = wrapper.cfbundle; includeInIndex = 0; path = CountriesTests.xctest; sourceTree = BUILT_PRODUCTS_DIR; };
		93E6D51C294C1DAF00A3EAF1 /* CountriesTests.swift */ = {isa = PBXFileReference; lastKnownFileType = sourcecode.swift; path = CountriesTests.swift; sourceTree = "<group>"; };
		93E6D522294C1DAF00A3EAF1 /* CountriesUITests.xctest */ = {isa = PBXFileReference; explicitFileType = wrapper.cfbundle; includeInIndex = 0; path = CountriesUITests.xctest; sourceTree = BUILT_PRODUCTS_DIR; };
		93E6D526294C1DAF00A3EAF1 /* CountriesUITests.swift */ = {isa = PBXFileReference; lastKnownFileType = sourcecode.swift; path = CountriesUITests.swift; sourceTree = "<group>"; };
		93E6D528294C1DAF00A3EAF1 /* CountriesUITestsLaunchTests.swift */ = {isa = PBXFileReference; lastKnownFileType = sourcecode.swift; path = CountriesUITestsLaunchTests.swift; sourceTree = "<group>"; };
		93E6D53B294C423800A3EAF1 /* ViewModelState.swift */ = {isa = PBXFileReference; lastKnownFileType = sourcecode.swift; path = ViewModelState.swift; sourceTree = "<group>"; };
		93E6D53E294C42A200A3EAF1 /* BaseViewModel.swift */ = {isa = PBXFileReference; lastKnownFileType = sourcecode.swift; path = BaseViewModel.swift; sourceTree = "<group>"; };
		93E6D540294C486C00A3EAF1 /* BaseListViewModel.swift */ = {isa = PBXFileReference; lastKnownFileType = sourcecode.swift; path = BaseListViewModel.swift; sourceTree = "<group>"; };
		93E6D542294C4AB500A3EAF1 /* CountryApi.swift */ = {isa = PBXFileReference; lastKnownFileType = sourcecode.swift; path = CountryApi.swift; sourceTree = "<group>"; };
		93E6D544294C4F0400A3EAF1 /* CountriesListViewModel.swift */ = {isa = PBXFileReference; lastKnownFileType = sourcecode.swift; path = CountriesListViewModel.swift; sourceTree = "<group>"; };
		93E6D546294C4F1800A3EAF1 /* Country.swift */ = {isa = PBXFileReference; lastKnownFileType = sourcecode.swift; path = Country.swift; sourceTree = "<group>"; };
		93E6D549294CC59C00A3EAF1 /* CountryTableViewCell.swift */ = {isa = PBXFileReference; lastKnownFileType = sourcecode.swift; path = CountryTableViewCell.swift; sourceTree = "<group>"; };
		93E6D54B294CCB4600A3EAF1 /* CountryListTableViewController.swift */ = {isa = PBXFileReference; lastKnownFileType = sourcecode.swift; path = CountryListTableViewController.swift; sourceTree = "<group>"; };
		C8FBB7AB81007721E32CA356 /* Pods_Countries_CountriesUITests.framework */ = {isa = PBXFileReference; explicitFileType = wrapper.framework; includeInIndex = 0; path = Pods_Countries_CountriesUITests.framework; sourceTree = BUILT_PRODUCTS_DIR; };
		EE0A3893D240C9FE6722C30B /* Pods-CountriesTests.debug.xcconfig */ = {isa = PBXFileReference; includeInIndex = 1; lastKnownFileType = text.xcconfig; name = "Pods-CountriesTests.debug.xcconfig"; path = "Target Support Files/Pods-CountriesTests/Pods-CountriesTests.debug.xcconfig"; sourceTree = "<group>"; };
/* End PBXFileReference section */

/* Begin PBXFrameworksBuildPhase section */
		93E6D4FF294C1DAC00A3EAF1 /* Frameworks */ = {
			isa = PBXFrameworksBuildPhase;
			buildActionMask = 2147483647;
			files = (
				3A34C45DF00B13B001285B12 /* Pods_Countries.framework in Frameworks */,
			);
			runOnlyForDeploymentPostprocessing = 0;
		};
		93E6D515294C1DAF00A3EAF1 /* Frameworks */ = {
			isa = PBXFrameworksBuildPhase;
			buildActionMask = 2147483647;
			files = (
				1E20FB0B0BE2B2EC256D90DF /* Pods_CountriesTests.framework in Frameworks */,
			);
			runOnlyForDeploymentPostprocessing = 0;
		};
		93E6D51F294C1DAF00A3EAF1 /* Frameworks */ = {
			isa = PBXFrameworksBuildPhase;
			buildActionMask = 2147483647;
			files = (
				BDA87F703B943E75308A61AE /* Pods_Countries_CountriesUITests.framework in Frameworks */,
			);
			runOnlyForDeploymentPostprocessing = 0;
		};
/* End PBXFrameworksBuildPhase section */

/* Begin PBXGroup section */
		4BF2D32FBC1FEE53395F6F82 /* Frameworks */ = {
			isa = PBXGroup;
			children = (
				32C181A7B8AE6C9578DFDDD8 /* Pods_Countries.framework */,
				C8FBB7AB81007721E32CA356 /* Pods_Countries_CountriesUITests.framework */,
				6E9749FAC7978C314F09FABC /* Pods_CountriesTests.framework */,
			);
			name = Frameworks;
			sourceTree = "<group>";
		};
		585FB4AD3057FA9871D0ED20 /* Pods */ = {
			isa = PBXGroup;
			children = (
				1A02DD2B3CE78E0E0C5661AB /* Pods-Countries.debug.xcconfig */,
				8394C2A424F6A9DA64BC1819 /* Pods-Countries.release.xcconfig */,
				29C2652547981DF5AEFB5F92 /* Pods-Countries-CountriesUITests.debug.xcconfig */,
				4F9C8B3F9550B1A256DB8537 /* Pods-Countries-CountriesUITests.release.xcconfig */,
				EE0A3893D240C9FE6722C30B /* Pods-CountriesTests.debug.xcconfig */,
				2E4D368272F0C9E4D19611FE /* Pods-CountriesTests.release.xcconfig */,
			);
			path = Pods;
			sourceTree = "<group>";
		};
		93E6D4F9294C1DAB00A3EAF1 = {
			isa = PBXGroup;
			children = (
				93E6D504294C1DAC00A3EAF1 /* Countries */,
				93E6D51B294C1DAF00A3EAF1 /* CountriesTests */,
				93E6D525294C1DAF00A3EAF1 /* CountriesUITests */,
				93E6D503294C1DAC00A3EAF1 /* Products */,
				585FB4AD3057FA9871D0ED20 /* Pods */,
				4BF2D32FBC1FEE53395F6F82 /* Frameworks */,
			);
			sourceTree = "<group>";
		};
		93E6D503294C1DAC00A3EAF1 /* Products */ = {
			isa = PBXGroup;
			children = (
				93E6D502294C1DAC00A3EAF1 /* Countries.app */,
				93E6D518294C1DAF00A3EAF1 /* CountriesTests.xctest */,
				93E6D522294C1DAF00A3EAF1 /* CountriesUITests.xctest */,
			);
			name = Products;
			sourceTree = "<group>";
		};
		93E6D504294C1DAC00A3EAF1 /* Countries */ = {
			isa = PBXGroup;
			children = (
				93E6D539294C1F5500A3EAF1 /* Api */,
				93E6D538294C1F4A00A3EAF1 /* UI */,
				93E6D537294C1F3A00A3EAF1 /* Models */,
				93E6D536294C1F3100A3EAF1 /* ViewModels */,
				93E6D535294C1F2900A3EAF1 /* ViewControllers */,
				93E6D505294C1DAC00A3EAF1 /* AppDelegate.swift */,
				93E6D507294C1DAC00A3EAF1 /* SceneDelegate.swift */,
				93E6D50E294C1DAE00A3EAF1 /* Assets.xcassets */,
				93E6D510294C1DAE00A3EAF1 /* LaunchScreen.storyboard */,
				93E6D513294C1DAE00A3EAF1 /* Info.plist */,
			);
			path = Countries;
			sourceTree = "<group>";
		};
		93E6D51B294C1DAF00A3EAF1 /* CountriesTests */ = {
			isa = PBXGroup;
			children = (
				93E6D51C294C1DAF00A3EAF1 /* CountriesTests.swift */,
			);
			path = CountriesTests;
			sourceTree = "<group>";
		};
		93E6D525294C1DAF00A3EAF1 /* CountriesUITests */ = {
			isa = PBXGroup;
			children = (
				93E6D526294C1DAF00A3EAF1 /* CountriesUITests.swift */,
				93E6D528294C1DAF00A3EAF1 /* CountriesUITestsLaunchTests.swift */,
			);
			path = CountriesUITests;
			sourceTree = "<group>";
		};
		93E6D535294C1F2900A3EAF1 /* ViewControllers */ = {
			isa = PBXGroup;
			children = (
				93E6D548294CC57400A3EAF1 /* Cells */,
				93E6D54B294CCB4600A3EAF1 /* CountryListTableViewController.swift */,
				9308CF88298480D600D467C7 /* GuessCountryViewController.swift */,
			);
			path = ViewControllers;
			sourceTree = "<group>";
		};
		93E6D536294C1F3100A3EAF1 /* ViewModels */ = {
			isa = PBXGroup;
			children = (
				93E6D53D294C426100A3EAF1 /* Base */,
				93E6D544294C4F0400A3EAF1 /* CountriesListViewModel.swift */,
			);
			path = ViewModels;
			sourceTree = "<group>";
		};
		93E6D537294C1F3A00A3EAF1 /* Models */ = {
			isa = PBXGroup;
			children = (
				93E6D546294C4F1800A3EAF1 /* Country.swift */,
			);
			path = Models;
			sourceTree = "<group>";
		};
		93E6D538294C1F4A00A3EAF1 /* UI */ = {
			isa = PBXGroup;
			children = (
				93E6D50B294C1DAC00A3EAF1 /* Main.storyboard */,
			);
			path = UI;
			sourceTree = "<group>";
		};
		93E6D539294C1F5500A3EAF1 /* Api */ = {
			isa = PBXGroup;
			children = (
				93E6D542294C4AB500A3EAF1 /* CountryApi.swift */,
			);
			path = Api;
			sourceTree = "<group>";
		};
		93E6D53D294C426100A3EAF1 /* Base */ = {
			isa = PBXGroup;
			children = (
				93E6D53B294C423800A3EAF1 /* ViewModelState.swift */,
				93E6D53E294C42A200A3EAF1 /* BaseViewModel.swift */,
				93E6D540294C486C00A3EAF1 /* BaseListViewModel.swift */,
			);
			path = Base;
			sourceTree = "<group>";
		};
		93E6D548294CC57400A3EAF1 /* Cells */ = {
			isa = PBXGroup;
			children = (
				93E6D549294CC59C00A3EAF1 /* CountryTableViewCell.swift */,
			);
			path = Cells;
			sourceTree = "<group>";
		};
/* End PBXGroup section */

/* Begin PBXNativeTarget section */
		93E6D501294C1DAC00A3EAF1 /* Countries */ = {
			isa = PBXNativeTarget;
			buildConfigurationList = 93E6D52C294C1DAF00A3EAF1 /* Build configuration list for PBXNativeTarget "Countries" */;
			buildPhases = (
				294F3080A84AA720E920FEA8 /* [CP] Check Pods Manifest.lock */,
				93E6D4FE294C1DAC00A3EAF1 /* Sources */,
				93E6D4FF294C1DAC00A3EAF1 /* Frameworks */,
				93E6D500294C1DAC00A3EAF1 /* Resources */,
				CAD4B7A8980F872FD1890376 /* [CP] Embed Pods Frameworks */,
			);
			buildRules = (
			);
			dependencies = (
			);
			name = Countries;
			productName = Countries;
			productReference = 93E6D502294C1DAC00A3EAF1 /* Countries.app */;
			productType = "com.apple.product-type.application";
		};
		93E6D517294C1DAF00A3EAF1 /* CountriesTests */ = {
			isa = PBXNativeTarget;
			buildConfigurationList = 93E6D52F294C1DAF00A3EAF1 /* Build configuration list for PBXNativeTarget "CountriesTests" */;
			buildPhases = (
				F36B904C4D34E91958FB2B2E /* [CP] Check Pods Manifest.lock */,
				93E6D514294C1DAF00A3EAF1 /* Sources */,
				93E6D515294C1DAF00A3EAF1 /* Frameworks */,
				93E6D516294C1DAF00A3EAF1 /* Resources */,
			);
			buildRules = (
			);
			dependencies = (
				93E6D51A294C1DAF00A3EAF1 /* PBXTargetDependency */,
			);
			name = CountriesTests;
			productName = CountriesTests;
			productReference = 93E6D518294C1DAF00A3EAF1 /* CountriesTests.xctest */;
			productType = "com.apple.product-type.bundle.unit-test";
		};
		93E6D521294C1DAF00A3EAF1 /* CountriesUITests */ = {
			isa = PBXNativeTarget;
			buildConfigurationList = 93E6D532294C1DAF00A3EAF1 /* Build configuration list for PBXNativeTarget "CountriesUITests" */;
			buildPhases = (
				6FA0FDF79CB68F36C1620A90 /* [CP] Check Pods Manifest.lock */,
				93E6D51E294C1DAF00A3EAF1 /* Sources */,
				93E6D51F294C1DAF00A3EAF1 /* Frameworks */,
				93E6D520294C1DAF00A3EAF1 /* Resources */,
				47B5DB133573605E293422DF /* [CP] Embed Pods Frameworks */,
			);
			buildRules = (
			);
			dependencies = (
				93E6D524294C1DAF00A3EAF1 /* PBXTargetDependency */,
			);
			name = CountriesUITests;
			productName = CountriesUITests;
			productReference = 93E6D522294C1DAF00A3EAF1 /* CountriesUITests.xctest */;
			productType = "com.apple.product-type.bundle.ui-testing";
		};
/* End PBXNativeTarget section */

/* Begin PBXProject section */
		93E6D4FA294C1DAB00A3EAF1 /* Project object */ = {
			isa = PBXProject;
			attributes = {
				BuildIndependentTargetsInParallel = 1;
				LastSwiftUpdateCheck = 1340;
				LastUpgradeCheck = 1340;
				TargetAttributes = {
					93E6D501294C1DAC00A3EAF1 = {
						CreatedOnToolsVersion = 13.4.1;
					};
					93E6D517294C1DAF00A3EAF1 = {
						CreatedOnToolsVersion = 13.4.1;
						TestTargetID = 93E6D501294C1DAC00A3EAF1;
					};
					93E6D521294C1DAF00A3EAF1 = {
						CreatedOnToolsVersion = 13.4.1;
						TestTargetID = 93E6D501294C1DAC00A3EAF1;
					};
				};
			};
			buildConfigurationList = 93E6D4FD294C1DAB00A3EAF1 /* Build configuration list for PBXProject "Countries" */;
			compatibilityVersion = "Xcode 13.0";
			developmentRegion = en;
			hasScannedForEncodings = 0;
			knownRegions = (
				en,
				Base,
			);
			mainGroup = 93E6D4F9294C1DAB00A3EAF1;
			productRefGroup = 93E6D503294C1DAC00A3EAF1 /* Products */;
			projectDirPath = "";
			projectRoot = "";
			targets = (
				93E6D501294C1DAC00A3EAF1 /* Countries */,
				93E6D517294C1DAF00A3EAF1 /* CountriesTests */,
				93E6D521294C1DAF00A3EAF1 /* CountriesUITests */,
			);
		};
/* End PBXProject section */

/* Begin PBXResourcesBuildPhase section */
		93E6D500294C1DAC00A3EAF1 /* Resources */ = {
			isa = PBXResourcesBuildPhase;
			buildActionMask = 2147483647;
			files = (
				93E6D512294C1DAE00A3EAF1 /* LaunchScreen.storyboard in Resources */,
				93E6D50F294C1DAE00A3EAF1 /* Assets.xcassets in Resources */,
				93E6D50D294C1DAC00A3EAF1 /* Main.storyboard in Resources */,
			);
			runOnlyForDeploymentPostprocessing = 0;
		};
		93E6D516294C1DAF00A3EAF1 /* Resources */ = {
			isa = PBXResourcesBuildPhase;
			buildActionMask = 2147483647;
			files = (
			);
			runOnlyForDeploymentPostprocessing = 0;
		};
		93E6D520294C1DAF00A3EAF1 /* Resources */ = {
			isa = PBXResourcesBuildPhase;
			buildActionMask = 2147483647;
			files = (
			);
			runOnlyForDeploymentPostprocessing = 0;
		};
/* End PBXResourcesBuildPhase section */

/* Begin PBXShellScriptBuildPhase section */
		294F3080A84AA720E920FEA8 /* [CP] Check Pods Manifest.lock */ = {
			isa = PBXShellScriptBuildPhase;
			buildActionMask = 2147483647;
			files = (
			);
			inputFileListPaths = (
			);
			inputPaths = (
				"${PODS_PODFILE_DIR_PATH}/Podfile.lock",
				"${PODS_ROOT}/Manifest.lock",
			);
			name = "[CP] Check Pods Manifest.lock";
			outputFileListPaths = (
			);
			outputPaths = (
				"$(DERIVED_FILE_DIR)/Pods-Countries-checkManifestLockResult.txt",
			);
			runOnlyForDeploymentPostprocessing = 0;
			shellPath = /bin/sh;
			shellScript = "diff \"${PODS_PODFILE_DIR_PATH}/Podfile.lock\" \"${PODS_ROOT}/Manifest.lock\" > /dev/null\nif [ $? != 0 ] ; then\n    # print error to STDERR\n    echo \"error: The sandbox is not in sync with the Podfile.lock. Run 'pod install' or update your CocoaPods installation.\" >&2\n    exit 1\nfi\n# This output is used by Xcode 'outputs' to avoid re-running this script phase.\necho \"SUCCESS\" > \"${SCRIPT_OUTPUT_FILE_0}\"\n";
			showEnvVarsInLog = 0;
		};
		47B5DB133573605E293422DF /* [CP] Embed Pods Frameworks */ = {
			isa = PBXShellScriptBuildPhase;
			buildActionMask = 2147483647;
			files = (
			);
			inputFileListPaths = (
				"${PODS_ROOT}/Target Support Files/Pods-Countries-CountriesUITests/Pods-Countries-CountriesUITests-frameworks-${CONFIGURATION}-input-files.xcfilelist",
			);
			name = "[CP] Embed Pods Frameworks";
			outputFileListPaths = (
				"${PODS_ROOT}/Target Support Files/Pods-Countries-CountriesUITests/Pods-Countries-CountriesUITests-frameworks-${CONFIGURATION}-output-files.xcfilelist",
			);
			runOnlyForDeploymentPostprocessing = 0;
			shellPath = /bin/sh;
			shellScript = "\"${PODS_ROOT}/Target Support Files/Pods-Countries-CountriesUITests/Pods-Countries-CountriesUITests-frameworks.sh\"\n";
			showEnvVarsInLog = 0;
		};
		6FA0FDF79CB68F36C1620A90 /* [CP] Check Pods Manifest.lock */ = {
			isa = PBXShellScriptBuildPhase;
			buildActionMask = 2147483647;
			files = (
			);
			inputFileListPaths = (
			);
			inputPaths = (
				"${PODS_PODFILE_DIR_PATH}/Podfile.lock",
				"${PODS_ROOT}/Manifest.lock",
			);
			name = "[CP] Check Pods Manifest.lock";
			outputFileListPaths = (
			);
			outputPaths = (
				"$(DERIVED_FILE_DIR)/Pods-Countries-CountriesUITests-checkManifestLockResult.txt",
			);
			runOnlyForDeploymentPostprocessing = 0;
			shellPath = /bin/sh;
			shellScript = "diff \"${PODS_PODFILE_DIR_PATH}/Podfile.lock\" \"${PODS_ROOT}/Manifest.lock\" > /dev/null\nif [ $? != 0 ] ; then\n    # print error to STDERR\n    echo \"error: The sandbox is not in sync with the Podfile.lock. Run 'pod install' or update your CocoaPods installation.\" >&2\n    exit 1\nfi\n# This output is used by Xcode 'outputs' to avoid re-running this script phase.\necho \"SUCCESS\" > \"${SCRIPT_OUTPUT_FILE_0}\"\n";
			showEnvVarsInLog = 0;
		};
		CAD4B7A8980F872FD1890376 /* [CP] Embed Pods Frameworks */ = {
			isa = PBXShellScriptBuildPhase;
			buildActionMask = 2147483647;
			files = (
			);
			inputFileListPaths = (
				"${PODS_ROOT}/Target Support Files/Pods-Countries/Pods-Countries-frameworks-${CONFIGURATION}-input-files.xcfilelist",
			);
			name = "[CP] Embed Pods Frameworks";
			outputFileListPaths = (
				"${PODS_ROOT}/Target Support Files/Pods-Countries/Pods-Countries-frameworks-${CONFIGURATION}-output-files.xcfilelist",
			);
			runOnlyForDeploymentPostprocessing = 0;
			shellPath = /bin/sh;
			shellScript = "\"${PODS_ROOT}/Target Support Files/Pods-Countries/Pods-Countries-frameworks.sh\"\n";
			showEnvVarsInLog = 0;
		};
		F36B904C4D34E91958FB2B2E /* [CP] Check Pods Manifest.lock */ = {
			isa = PBXShellScriptBuildPhase;
			buildActionMask = 2147483647;
			files = (
			);
			inputFileListPaths = (
			);
			inputPaths = (
				"${PODS_PODFILE_DIR_PATH}/Podfile.lock",
				"${PODS_ROOT}/Manifest.lock",
			);
			name = "[CP] Check Pods Manifest.lock";
			outputFileListPaths = (
			);
			outputPaths = (
				"$(DERIVED_FILE_DIR)/Pods-CountriesTests-checkManifestLockResult.txt",
			);
			runOnlyForDeploymentPostprocessing = 0;
			shellPath = /bin/sh;
			shellScript = "diff \"${PODS_PODFILE_DIR_PATH}/Podfile.lock\" \"${PODS_ROOT}/Manifest.lock\" > /dev/null\nif [ $? != 0 ] ; then\n    # print error to STDERR\n    echo \"error: The sandbox is not in sync with the Podfile.lock. Run 'pod install' or update your CocoaPods installation.\" >&2\n    exit 1\nfi\n# This output is used by Xcode 'outputs' to avoid re-running this script phase.\necho \"SUCCESS\" > \"${SCRIPT_OUTPUT_FILE_0}\"\n";
			showEnvVarsInLog = 0;
		};
/* End PBXShellScriptBuildPhase section */

/* Begin PBXSourcesBuildPhase section */
		93E6D4FE294C1DAC00A3EAF1 /* Sources */ = {
			isa = PBXSourcesBuildPhase;
			buildActionMask = 2147483647;
			files = (
				93E6D53C294C423800A3EAF1 /* ViewModelState.swift in Sources */,
				93E6D547294C4F1800A3EAF1 /* Country.swift in Sources */,
				93E6D543294C4AB500A3EAF1 /* CountryApi.swift in Sources */,
				9308CF89298480D600D467C7 /* GuessCountryViewController.swift in Sources */,
				93E6D541294C486C00A3EAF1 /* BaseListViewModel.swift in Sources */,
				93E6D54C294CCB4600A3EAF1 /* CountryListTableViewController.swift in Sources */,
				93E6D54A294CC59C00A3EAF1 /* CountryTableViewCell.swift in Sources */,
				93E6D545294C4F0400A3EAF1 /* CountriesListViewModel.swift in Sources */,
				93E6D53F294C42A200A3EAF1 /* BaseViewModel.swift in Sources */,
				93E6D506294C1DAC00A3EAF1 /* AppDelegate.swift in Sources */,
				93E6D508294C1DAC00A3EAF1 /* SceneDelegate.swift in Sources */,
			);
			runOnlyForDeploymentPostprocessing = 0;
		};
		93E6D514294C1DAF00A3EAF1 /* Sources */ = {
			isa = PBXSourcesBuildPhase;
			buildActionMask = 2147483647;
			files = (
				93E6D51D294C1DAF00A3EAF1 /* CountriesTests.swift in Sources */,
			);
			runOnlyForDeploymentPostprocessing = 0;
		};
		93E6D51E294C1DAF00A3EAF1 /* Sources */ = {
			isa = PBXSourcesBuildPhase;
			buildActionMask = 2147483647;
			files = (
				93E6D527294C1DAF00A3EAF1 /* CountriesUITests.swift in Sources */,
				93E6D529294C1DAF00A3EAF1 /* CountriesUITestsLaunchTests.swift in Sources */,
			);
			runOnlyForDeploymentPostprocessing = 0;
		};
/* End PBXSourcesBuildPhase section */

/* Begin PBXTargetDependency section */
		93E6D51A294C1DAF00A3EAF1 /* PBXTargetDependency */ = {
			isa = PBXTargetDependency;
			target = 93E6D501294C1DAC00A3EAF1 /* Countries */;
			targetProxy = 93E6D519294C1DAF00A3EAF1 /* PBXContainerItemProxy */;
		};
		93E6D524294C1DAF00A3EAF1 /* PBXTargetDependency */ = {
			isa = PBXTargetDependency;
			target = 93E6D501294C1DAC00A3EAF1 /* Countries */;
			targetProxy = 93E6D523294C1DAF00A3EAF1 /* PBXContainerItemProxy */;
		};
/* End PBXTargetDependency section */

/* Begin PBXVariantGroup section */
		93E6D50B294C1DAC00A3EAF1 /* Main.storyboard */ = {
			isa = PBXVariantGroup;
			children = (
				93E6D50C294C1DAC00A3EAF1 /* Base */,
			);
			name = Main.storyboard;
			sourceTree = "<group>";
		};
		93E6D510294C1DAE00A3EAF1 /* LaunchScreen.storyboard */ = {
			isa = PBXVariantGroup;
			children = (
				93E6D511294C1DAE00A3EAF1 /* Base */,
			);
			name = LaunchScreen.storyboard;
			sourceTree = "<group>";
		};
/* End PBXVariantGroup section */

/* Begin XCBuildConfiguration section */
		93E6D52A294C1DAF00A3EAF1 /* Debug */ = {
			isa = XCBuildConfiguration;
			buildSettings = {
				ALWAYS_SEARCH_USER_PATHS = NO;
				CLANG_ANALYZER_NONNULL = YES;
				CLANG_ANALYZER_NUMBER_OBJECT_CONVERSION = YES_AGGRESSIVE;
				CLANG_CXX_LANGUAGE_STANDARD = "gnu++17";
				CLANG_ENABLE_MODULES = YES;
				CLANG_ENABLE_OBJC_ARC = YES;
				CLANG_ENABLE_OBJC_WEAK = YES;
				CLANG_WARN_BLOCK_CAPTURE_AUTORELEASING = YES;
				CLANG_WARN_BOOL_CONVERSION = YES;
				CLANG_WARN_COMMA = YES;
				CLANG_WARN_CONSTANT_CONVERSION = YES;
				CLANG_WARN_DEPRECATED_OBJC_IMPLEMENTATIONS = YES;
				CLANG_WARN_DIRECT_OBJC_ISA_USAGE = YES_ERROR;
				CLANG_WARN_DOCUMENTATION_COMMENTS = YES;
				CLANG_WARN_EMPTY_BODY = YES;
				CLANG_WARN_ENUM_CONVERSION = YES;
				CLANG_WARN_INFINITE_RECURSION = YES;
				CLANG_WARN_INT_CONVERSION = YES;
				CLANG_WARN_NON_LITERAL_NULL_CONVERSION = YES;
				CLANG_WARN_OBJC_IMPLICIT_RETAIN_SELF = YES;
				CLANG_WARN_OBJC_LITERAL_CONVERSION = YES;
				CLANG_WARN_OBJC_ROOT_CLASS = YES_ERROR;
				CLANG_WARN_QUOTED_INCLUDE_IN_FRAMEWORK_HEADER = YES;
				CLANG_WARN_RANGE_LOOP_ANALYSIS = YES;
				CLANG_WARN_STRICT_PROTOTYPES = YES;
				CLANG_WARN_SUSPICIOUS_MOVE = YES;
				CLANG_WARN_UNGUARDED_AVAILABILITY = YES_AGGRESSIVE;
				CLANG_WARN_UNREACHABLE_CODE = YES;
				CLANG_WARN__DUPLICATE_METHOD_MATCH = YES;
				COPY_PHASE_STRIP = NO;
				DEBUG_INFORMATION_FORMAT = dwarf;
				ENABLE_STRICT_OBJC_MSGSEND = YES;
				ENABLE_TESTABILITY = YES;
				GCC_C_LANGUAGE_STANDARD = gnu11;
				GCC_DYNAMIC_NO_PIC = NO;
				GCC_NO_COMMON_BLOCKS = YES;
				GCC_OPTIMIZATION_LEVEL = 0;
				GCC_PREPROCESSOR_DEFINITIONS = (
					"DEBUG=1",
					"$(inherited)",
				);
				GCC_WARN_64_TO_32_BIT_CONVERSION = YES;
				GCC_WARN_ABOUT_RETURN_TYPE = YES_ERROR;
				GCC_WARN_UNDECLARED_SELECTOR = YES;
				GCC_WARN_UNINITIALIZED_AUTOS = YES_AGGRESSIVE;
				GCC_WARN_UNUSED_FUNCTION = YES;
				GCC_WARN_UNUSED_VARIABLE = YES;
				IPHONEOS_DEPLOYMENT_TARGET = 15.5;
				MTL_ENABLE_DEBUG_INFO = INCLUDE_SOURCE;
				MTL_FAST_MATH = YES;
				ONLY_ACTIVE_ARCH = YES;
				SDKROOT = iphoneos;
				SWIFT_ACTIVE_COMPILATION_CONDITIONS = DEBUG;
				SWIFT_OPTIMIZATION_LEVEL = "-Onone";
			};
			name = Debug;
		};
		93E6D52B294C1DAF00A3EAF1 /* Release */ = {
			isa = XCBuildConfiguration;
			buildSettings = {
				ALWAYS_SEARCH_USER_PATHS = NO;
				CLANG_ANALYZER_NONNULL = YES;
				CLANG_ANALYZER_NUMBER_OBJECT_CONVERSION = YES_AGGRESSIVE;
				CLANG_CXX_LANGUAGE_STANDARD = "gnu++17";
				CLANG_ENABLE_MODULES = YES;
				CLANG_ENABLE_OBJC_ARC = YES;
				CLANG_ENABLE_OBJC_WEAK = YES;
				CLANG_WARN_BLOCK_CAPTURE_AUTORELEASING = YES;
				CLANG_WARN_BOOL_CONVERSION = YES;
				CLANG_WARN_COMMA = YES;
				CLANG_WARN_CONSTANT_CONVERSION = YES;
				CLANG_WARN_DEPRECATED_OBJC_IMPLEMENTATIONS = YES;
				CLANG_WARN_DIRECT_OBJC_ISA_USAGE = YES_ERROR;
				CLANG_WARN_DOCUMENTATION_COMMENTS = YES;
				CLANG_WARN_EMPTY_BODY = YES;
				CLANG_WARN_ENUM_CONVERSION = YES;
				CLANG_WARN_INFINITE_RECURSION = YES;
				CLANG_WARN_INT_CONVERSION = YES;
				CLANG_WARN_NON_LITERAL_NULL_CONVERSION = YES;
				CLANG_WARN_OBJC_IMPLICIT_RETAIN_SELF = YES;
				CLANG_WARN_OBJC_LITERAL_CONVERSION = YES;
				CLANG_WARN_OBJC_ROOT_CLASS = YES_ERROR;
				CLANG_WARN_QUOTED_INCLUDE_IN_FRAMEWORK_HEADER = YES;
				CLANG_WARN_RANGE_LOOP_ANALYSIS = YES;
				CLANG_WARN_STRICT_PROTOTYPES = YES;
				CLANG_WARN_SUSPICIOUS_MOVE = YES;
				CLANG_WARN_UNGUARDED_AVAILABILITY = YES_AGGRESSIVE;
				CLANG_WARN_UNREACHABLE_CODE = YES;
				CLANG_WARN__DUPLICATE_METHOD_MATCH = YES;
				COPY_PHASE_STRIP = NO;
				DEBUG_INFORMATION_FORMAT = "dwarf-with-dsym";
				ENABLE_NS_ASSERTIONS = NO;
				ENABLE_STRICT_OBJC_MSGSEND = YES;
				GCC_C_LANGUAGE_STANDARD = gnu11;
				GCC_NO_COMMON_BLOCKS = YES;
				GCC_WARN_64_TO_32_BIT_CONVERSION = YES;
				GCC_WARN_ABOUT_RETURN_TYPE = YES_ERROR;
				GCC_WARN_UNDECLARED_SELECTOR = YES;
				GCC_WARN_UNINITIALIZED_AUTOS = YES_AGGRESSIVE;
				GCC_WARN_UNUSED_FUNCTION = YES;
				GCC_WARN_UNUSED_VARIABLE = YES;
				IPHONEOS_DEPLOYMENT_TARGET = 15.5;
				MTL_ENABLE_DEBUG_INFO = NO;
				MTL_FAST_MATH = YES;
				SDKROOT = iphoneos;
				SWIFT_COMPILATION_MODE = wholemodule;
				SWIFT_OPTIMIZATION_LEVEL = "-O";
				VALIDATE_PRODUCT = YES;
			};
			name = Release;
		};
		93E6D52D294C1DAF00A3EAF1 /* Debug */ = {
			isa = XCBuildConfiguration;
			baseConfigurationReference = 1A02DD2B3CE78E0E0C5661AB /* Pods-Countries.debug.xcconfig */;
			buildSettings = {
				ASSETCATALOG_COMPILER_APPICON_NAME = AppIcon;
				ASSETCATALOG_COMPILER_GLOBAL_ACCENT_COLOR_NAME = AccentColor;
				CODE_SIGN_STYLE = Automatic;
				CURRENT_PROJECT_VERSION = 1;
				GENERATE_INFOPLIST_FILE = YES;
				INFOPLIST_FILE = Countries/Info.plist;
				INFOPLIST_KEY_UIApplicationSupportsIndirectInputEvents = YES;
				INFOPLIST_KEY_UILaunchStoryboardName = LaunchScreen;
				INFOPLIST_KEY_UIMainStoryboardFile = Main;
				INFOPLIST_KEY_UISupportedInterfaceOrientations_iPad = "UIInterfaceOrientationPortrait UIInterfaceOrientationPortraitUpsideDown UIInterfaceOrientationLandscapeLeft UIInterfaceOrientationLandscapeRight";
				INFOPLIST_KEY_UISupportedInterfaceOrientations_iPhone = "UIInterfaceOrientationPortrait UIInterfaceOrientationLandscapeLeft UIInterfaceOrientationLandscapeRight";
				LD_RUNPATH_SEARCH_PATHS = (
					"$(inherited)",
					"@executable_path/Frameworks",
				);
				MARKETING_VERSION = 1.0;
				PRODUCT_BUNDLE_IDENTIFIER = ios.aa.Countries;
				PRODUCT_NAME = "$(TARGET_NAME)";
				SWIFT_EMIT_LOC_STRINGS = YES;
				SWIFT_VERSION = 5.0;
				TARGETED_DEVICE_FAMILY = "1,2";
			};
			name = Debug;
		};
		93E6D52E294C1DAF00A3EAF1 /* Release */ = {
			isa = XCBuildConfiguration;
			baseConfigurationReference = 8394C2A424F6A9DA64BC1819 /* Pods-Countries.release.xcconfig */;
			buildSettings = {
				ASSETCATALOG_COMPILER_APPICON_NAME = AppIcon;
				ASSETCATALOG_COMPILER_GLOBAL_ACCENT_COLOR_NAME = AccentColor;
				CODE_SIGN_STYLE = Automatic;
				CURRENT_PROJECT_VERSION = 1;
				GENERATE_INFOPLIST_FILE = YES;
				INFOPLIST_FILE = Countries/Info.plist;
				INFOPLIST_KEY_UIApplicationSupportsIndirectInputEvents = YES;
				INFOPLIST_KEY_UILaunchStoryboardName = LaunchScreen;
				INFOPLIST_KEY_UIMainStoryboardFile = Main;
				INFOPLIST_KEY_UISupportedInterfaceOrientations_iPad = "UIInterfaceOrientationPortrait UIInterfaceOrientationPortraitUpsideDown UIInterfaceOrientationLandscapeLeft UIInterfaceOrientationLandscapeRight";
				INFOPLIST_KEY_UISupportedInterfaceOrientations_iPhone = "UIInterfaceOrientationPortrait UIInterfaceOrientationLandscapeLeft UIInterfaceOrientationLandscapeRight";
				LD_RUNPATH_SEARCH_PATHS = (
					"$(inherited)",
					"@executable_path/Frameworks",
				);
				MARKETING_VERSION = 1.0;
				PRODUCT_BUNDLE_IDENTIFIER = ios.aa.Countries;
				PRODUCT_NAME = "$(TARGET_NAME)";
				SWIFT_EMIT_LOC_STRINGS = YES;
				SWIFT_VERSION = 5.0;
				TARGETED_DEVICE_FAMILY = "1,2";
			};
			name = Release;
		};
		93E6D530294C1DAF00A3EAF1 /* Debug */ = {
			isa = XCBuildConfiguration;
			baseConfigurationReference = EE0A3893D240C9FE6722C30B /* Pods-CountriesTests.debug.xcconfig */;
			buildSettings = {
				ALWAYS_EMBED_SWIFT_STANDARD_LIBRARIES = YES;
				BUNDLE_LOADER = "$(TEST_HOST)";
				CODE_SIGN_STYLE = Automatic;
				CURRENT_PROJECT_VERSION = 1;
				GENERATE_INFOPLIST_FILE = YES;
				IPHONEOS_DEPLOYMENT_TARGET = 15.5;
				MARKETING_VERSION = 1.0;
				PRODUCT_BUNDLE_IDENTIFIER = ios.aa.CountriesTests;
				PRODUCT_NAME = "$(TARGET_NAME)";
				SWIFT_EMIT_LOC_STRINGS = NO;
				SWIFT_VERSION = 5.0;
				TARGETED_DEVICE_FAMILY = "1,2";
				TEST_HOST = "$(BUILT_PRODUCTS_DIR)/Countries.app/Countries";
			};
			name = Debug;
		};
		93E6D531294C1DAF00A3EAF1 /* Release */ = {
			isa = XCBuildConfiguration;
			baseConfigurationReference = 2E4D368272F0C9E4D19611FE /* Pods-CountriesTests.release.xcconfig */;
			buildSettings = {
				ALWAYS_EMBED_SWIFT_STANDARD_LIBRARIES = YES;
				BUNDLE_LOADER = "$(TEST_HOST)";
				CODE_SIGN_STYLE = Automatic;
				CURRENT_PROJECT_VERSION = 1;
				GENERATE_INFOPLIST_FILE = YES;
				IPHONEOS_DEPLOYMENT_TARGET = 15.5;
				MARKETING_VERSION = 1.0;
				PRODUCT_BUNDLE_IDENTIFIER = ios.aa.CountriesTests;
				PRODUCT_NAME = "$(TARGET_NAME)";
				SWIFT_EMIT_LOC_STRINGS = NO;
				SWIFT_VERSION = 5.0;
				TARGETED_DEVICE_FAMILY = "1,2";
				TEST_HOST = "$(BUILT_PRODUCTS_DIR)/Countries.app/Countries";
			};
			name = Release;
		};
		93E6D533294C1DAF00A3EAF1 /* Debug */ = {
			isa = XCBuildConfiguration;
			baseConfigurationReference = 29C2652547981DF5AEFB5F92 /* Pods-Countries-CountriesUITests.debug.xcconfig */;
			buildSettings = {
				ALWAYS_EMBED_SWIFT_STANDARD_LIBRARIES = YES;
				CODE_SIGN_STYLE = Automatic;
				CURRENT_PROJECT_VERSION = 1;
				GENERATE_INFOPLIST_FILE = YES;
				MARKETING_VERSION = 1.0;
				PRODUCT_BUNDLE_IDENTIFIER = ios.aa.CountriesUITests;
				PRODUCT_NAME = "$(TARGET_NAME)";
				SWIFT_EMIT_LOC_STRINGS = NO;
				SWIFT_VERSION = 5.0;
				TARGETED_DEVICE_FAMILY = "1,2";
				TEST_TARGET_NAME = Countries;
			};
			name = Debug;
		};
		93E6D534294C1DAF00A3EAF1 /* Release */ = {
			isa = XCBuildConfiguration;
			baseConfigurationReference = 4F9C8B3F9550B1A256DB8537 /* Pods-Countries-CountriesUITests.release.xcconfig */;
			buildSettings = {
				ALWAYS_EMBED_SWIFT_STANDARD_LIBRARIES = YES;
				CODE_SIGN_STYLE = Automatic;
				CURRENT_PROJECT_VERSION = 1;
				GENERATE_INFOPLIST_FILE = YES;
				MARKETING_VERSION = 1.0;
				PRODUCT_BUNDLE_IDENTIFIER = ios.aa.CountriesUITests;
				PRODUCT_NAME = "$(TARGET_NAME)";
				SWIFT_EMIT_LOC_STRINGS = NO;
				SWIFT_VERSION = 5.0;
				TARGETED_DEVICE_FAMILY = "1,2";
				TEST_TARGET_NAME = Countries;
			};
			name = Release;
		};
/* End XCBuildConfiguration section */

/* Begin XCConfigurationList section */
		93E6D4FD294C1DAB00A3EAF1 /* Build configuration list for PBXProject "Countries" */ = {
			isa = XCConfigurationList;
			buildConfigurations = (
				93E6D52A294C1DAF00A3EAF1 /* Debug */,
				93E6D52B294C1DAF00A3EAF1 /* Release */,
			);
			defaultConfigurationIsVisible = 0;
			defaultConfigurationName = Release;
		};
		93E6D52C294C1DAF00A3EAF1 /* Build configuration list for PBXNativeTarget "Countries" */ = {
			isa = XCConfigurationList;
			buildConfigurations = (
				93E6D52D294C1DAF00A3EAF1 /* Debug */,
				93E6D52E294C1DAF00A3EAF1 /* Release */,
			);
			defaultConfigurationIsVisible = 0;
			defaultConfigurationName = Release;
		};
		93E6D52F294C1DAF00A3EAF1 /* Build configuration list for PBXNativeTarget "CountriesTests" */ = {
			isa = XCConfigurationList;
			buildConfigurations = (
				93E6D530294C1DAF00A3EAF1 /* Debug */,
				93E6D531294C1DAF00A3EAF1 /* Release */,
			);
			defaultConfigurationIsVisible = 0;
			defaultConfigurationName = Release;
		};
		93E6D532294C1DAF00A3EAF1 /* Build configuration list for PBXNativeTarget "CountriesUITests" */ = {
			isa = XCConfigurationList;
			buildConfigurations = (
				93E6D533294C1DAF00A3EAF1 /* Debug */,
				93E6D534294C1DAF00A3EAF1 /* Release */,
			);
			defaultConfigurationIsVisible = 0;
			defaultConfigurationName = Release;
		};
/* End XCConfigurationList section */
	};
	rootObject = 93E6D4FA294C1DAB00A3EAF1 /* Project object */;
}
